// !$*UTF8*$!
{
       archiveVersion = 1;
       classes = {
       };
       objectVersion = 46;
       objects = {

/* Begin PBXAggregateTarget section */
              CC007F911DCD46D0B8BC6144 /* ALL_BUILD */ = {
                     isa = PBXAggregateTarget;
                     buildConfigurationList = F2E5974ED687446F8BD37F36 /* Build configuration list for PBXAggregateTarget "ALL_BUILD" */;
                     buildPhases = (
                            765A78769ABD446DBD3E65B7 /* CMake Rules */,
                     );
                     dependencies = (
                            22BBE84188D04C6286946BBD /* PBXTargetDependency */,
                            659BC211226942EC8C6FBD06 /* PBXTargetDependency */,
                     );
                     name = ALL_BUILD;
                     productName = ALL_BUILD;
              };
              FCD2D543D1D14C948491E7D7 /* ZERO_CHECK */ = {
                     isa = PBXAggregateTarget;
                     buildConfigurationList = 0417D49C2C12486599C59D96 /* Build configuration list for PBXAggregateTarget "ZERO_CHECK" */;
                     buildPhases = (
                            8C11C4067CC949EB9080C2C6 /* CMake Rules */,
                     );
                     dependencies = (
                     );
                     name = ZERO_CHECK;
                     productName = ZERO_CHECK;
              };
/* End PBXAggregateTarget section */

/* Begin PBXBuildFile section */
B4FCC0E4DD1C4AB390E1C449 /* /Users/peterson/source/g2c/g2c/CMakeLists.txt */ = {isa = PBXBuildFile; fileRef = 6D1D56656A6A495BBEE17A8C /* /Users/peterson/source/g2c/g2c/CMakeLists.txt */; settings = { COMPILER_FLAGS = ""; }; };
82FCA544E9884712BB0DC313 /* /Users/peterson/source/g2c/g2c/animations.cpp */ = {isa = PBXBuildFile; fileRef = 8C4C2B3EEEA74749B3D9C926 /* /Users/peterson/source/g2c/g2c/animations.cpp */; settings = { COMPILER_FLAGS = ""; }; };
86A67DD5680D4C91A8AE99B2 /* /Users/peterson/source/g2c/g2c/animations.h */ = {isa = PBXBuildFile; fileRef = EB2888524B6E45F49E78F343 /* /Users/peterson/source/g2c/g2c/animations.h */; settings = { COMPILER_FLAGS = ""; }; };
2D22608E25D4403FB3950D07 /* /Users/peterson/source/g2c/g2c/app.cpp */ = {isa = PBXBuildFile; fileRef = 971AAD4909D64DEBA034E7A9 /* /Users/peterson/source/g2c/g2c/app.cpp */; settings = { COMPILER_FLAGS = ""; }; };
772120DF178744F094152A82 /* /Users/peterson/source/g2c/g2c/app.h */ = {isa = PBXBuildFile; fileRef = 507DF43D277F40FDBB861E23 /* /Users/peterson/source/g2c/g2c/app.h */; settings = { COMPILER_FLAGS = ""; }; };
50531ACFAD9F4E02B4397DB2 /* /Users/peterson/source/g2c/g2c/bank.cpp */ = {isa = PBXBuildFile; fileRef = 594F367FA9B045BFBB100B57 /* /Users/peterson/source/g2c/g2c/bank.cpp */; settings = { COMPILER_FLAGS = ""; }; };
B6DE9696BA084977891E2CB6 /* /Users/peterson/source/g2c/g2c/bank.h */ = {isa = PBXBuildFile; fileRef = 556124F166E54B299E4E5ABB /* /Users/peterson/source/g2c/g2c/bank.h */; settings = { COMPILER_FLAGS = ""; }; };
3E9D3423E9EC4506A3E3FAA3 /* /Users/peterson/source/g2c/g2c/element.h */ = {isa = PBXBuildFile; fileRef = DB5EF185F51F43FEBBDED634 /* /Users/peterson/source/g2c/g2c/element.h */; settings = { COMPILER_FLAGS = ""; }; };
B390BCB0C6AA4C149F6511F6 /* /Users/peterson/source/g2c/g2c/fattening.cpp */ = {isa = PBXBuildFile; fileRef = 8E25D469FC1D4390AE916BA5 /* /Users/peterson/source/g2c/g2c/fattening.cpp */; settings = { COMPILER_FLAGS = ""; }; };
D066841BEDEC43BFB423A149 /* /Users/peterson/source/g2c/g2c/fattening.h */ = {isa = PBXBuildFile; fileRef = F57A4D264B4E478082D1AEB9 /* /Users/peterson/source/g2c/g2c/fattening.h */; settings = { COMPILER_FLAGS = ""; }; };
680498BE7BDD4AE2A3895191 /* /Users/peterson/source/g2c/g2c/graphics.cpp */ = {isa = PBXBuildFile; fileRef = 3E60542A037D404F8C5CDFF4 /* /Users/peterson/source/g2c/g2c/graphics.cpp */; settings = { COMPILER_FLAGS = ""; }; };
9A8B5522483748F6AC5BD9E0 /* /Users/peterson/source/g2c/g2c/graphics.h */ = {isa = PBXBuildFile; fileRef = 3574AC83C2CC4BAF8F3EB48F /* /Users/peterson/source/g2c/g2c/graphics.h */; settings = { COMPILER_FLAGS = ""; }; };
C0E68975340346D79AE1CF27 /* /Users/peterson/source/g2c/g2c/lin/lin.h */ = {isa = PBXBuildFile; fileRef = 4F1E50B7AEA14754B78BB352 /* /Users/peterson/source/g2c/g2c/lin/lin.h */; settings = { COMPILER_FLAGS = ""; }; };
6EF799C37B80412C8C31520D /* /Users/peterson/source/g2c/g2c/lin/quaternion.h */ = {isa = PBXBuildFile; fileRef = 35AC2CEC552B48A6A9D5B57B /* /Users/peterson/source/g2c/g2c/lin/quaternion.h */; settings = { COMPILER_FLAGS = ""; }; };
21824F464B3D4D41A31BEAE3 /* /Users/peterson/source/g2c/g2c/listener.cpp */ = {isa = PBXBuildFile; fileRef = CDD85A03CB524616A1488763 /* /Users/peterson/source/g2c/g2c/listener.cpp */; settings = { COMPILER_FLAGS = ""; }; };
49468549759B45EFBE8FF94E /* /Users/peterson/source/g2c/g2c/listener.h */ = {isa = PBXBuildFile; fileRef = 3C8E0700EEA340558741431C /* /Users/peterson/source/g2c/g2c/listener.h */; settings = { COMPILER_FLAGS = ""; }; };
C93F8EE105DF4D51AA4C2537 /* /Users/peterson/source/g2c/g2c/log.h */ = {isa = PBXBuildFile; fileRef = 5F71701748694E819530D94D /* /Users/peterson/source/g2c/g2c/log.h */; settings = { COMPILER_FLAGS = ""; }; };
5A2C0123134345BD8386D62A /* /Users/peterson/source/g2c/g2c/macbank.cpp */ = {isa = PBXBuildFile; fileRef = 40A051641E984F5A81ABA740 /* /Users/peterson/source/g2c/g2c/macbank.cpp */; settings = { COMPILER_FLAGS = ""; }; };
37DD60E2FE6E4B19A82D5BC5 /* /Users/peterson/source/g2c/g2c/macbank.h */ = {isa = PBXBuildFile; fileRef = 4CBDF677F2CB47C8B99EA260 /* /Users/peterson/source/g2c/g2c/macbank.h */; settings = { COMPILER_FLAGS = ""; }; };
EEC50949AD1248C2B5A1BCA0 /* /Users/peterson/source/g2c/g2c/openalplayer.cpp */ = {isa = PBXBuildFile; fileRef = E554D9BD50B3464ABCE736D7 /* /Users/peterson/source/g2c/g2c/openalplayer.cpp */; settings = { COMPILER_FLAGS = ""; }; };
B4D0E365D4184AB785B3E293 /* /Users/peterson/source/g2c/g2c/openalplayer.h */ = {isa = PBXBuildFile; fileRef = 0C3738E1675D4304B5ED9B02 /* /Users/peterson/source/g2c/g2c/openalplayer.h */; settings = { COMPILER_FLAGS = ""; }; };
7AA140B1FE774DE1959DE13C /* /Users/peterson/source/g2c/g2c/opengl.h */ = {isa = PBXBuildFile; fileRef = BBA9DCC867B44A299E6AA13A /* /Users/peterson/source/g2c/g2c/opengl.h */; settings = { COMPILER_FLAGS = ""; }; };
022094602ADD4D529219B08A /* /Users/peterson/source/g2c/g2c/parse.cpp */ = {isa = PBXBuildFile; fileRef = 311BEA0F287B41D9BC65844B /* /Users/peterson/source/g2c/g2c/parse.cpp */; settings = { COMPILER_FLAGS = ""; }; };
0D0C14EBAEBD41B3A2CC11CD /* /Users/peterson/source/g2c/g2c/parse.h */ = {isa = PBXBuildFile; fileRef = FFC9E55EDA2E4B429C3EE2CB /* /Users/peterson/source/g2c/g2c/parse.h */; settings = { COMPILER_FLAGS = ""; }; };
A8D7BC8D21FF49B28E7D24D7 /* /Users/peterson/source/g2c/g2c/player.cpp */ = {isa = PBXBuildFile; fileRef = 211D49D5D8084A1E91524A47 /* /Users/peterson/source/g2c/g2c/player.cpp */; settings = { COMPILER_FLAGS = ""; }; };
C58E7211BF92480B9937DDAF /* /Users/peterson/source/g2c/g2c/player.h */ = {isa = PBXBuildFile; fileRef = FE1E2EB3E51042E7AE76BC59 /* /Users/peterson/source/g2c/g2c/player.h */; settings = { COMPILER_FLAGS = ""; }; };
13726EEC8BB54BF1BE0CEBF2 /* /Users/peterson/source/g2c/g2c/serializable.cpp */ = {isa = PBXBuildFile; fileRef = 4835F6F2FBC44A1889F70AF7 /* /Users/peterson/source/g2c/g2c/serializable.cpp */; settings = { COMPILER_FLAGS = ""; }; };
2B9493BEC1804541BE4A031C /* /Users/peterson/source/g2c/g2c/serializable.h */ = {isa = PBXBuildFile; fileRef = 81417506F0644A4698774BB8 /* /Users/peterson/source/g2c/g2c/serializable.h */; settings = { COMPILER_FLAGS = ""; }; };
49AA76B037BA4B32BA1A706A /* /Users/peterson/source/g2c/g2c/sound.cpp */ = {isa = PBXBuildFile; fileRef = 07584EE1894D4FCB9FE88C6D /* /Users/peterson/source/g2c/g2c/sound.cpp */; settings = { COMPILER_FLAGS = ""; }; };
53505252277E46049DCBAABE /* /Users/peterson/source/g2c/g2c/sound.h */ = {isa = PBXBuildFile; fileRef = C95152645CAE453E9013F844 /* /Users/peterson/source/g2c/g2c/sound.h */; settings = { COMPILER_FLAGS = ""; }; };
F2B0B81C043E4A9385673B06 /* /Users/peterson/source/g2c/g2c/sprites.cpp */ = {isa = PBXBuildFile; fileRef = C26505C35A744E678D14F89D /* /Users/peterson/source/g2c/g2c/sprites.cpp */; settings = { COMPILER_FLAGS = ""; }; };
9C10560A5F2B4E679E091D93 /* /Users/peterson/source/g2c/g2c/sprites.h */ = {isa = PBXBuildFile; fileRef = 0676F0DEC08C45C2AF5EAA1C /* /Users/peterson/source/g2c/g2c/sprites.h */; settings = { COMPILER_FLAGS = ""; }; };
37EBBF588EDD4F818533D20E /* /Users/peterson/source/g2c/g2c/texture.cpp */ = {isa = PBXBuildFile; fileRef = 4826D8C300BC4933A3B68121 /* /Users/peterson/source/g2c/g2c/texture.cpp */; settings = { COMPILER_FLAGS = ""; }; };
321078E240054197BB5E8890 /* /Users/peterson/source/g2c/g2c/texture.h */ = {isa = PBXBuildFile; fileRef = 46C708432326497CBF40C26A /* /Users/peterson/source/g2c/g2c/texture.h */; settings = { COMPILER_FLAGS = ""; }; };
3438F73FED4247D9893E5B0F /* /Users/peterson/source/g2c/g2c/transforms.cpp */ = {isa = PBXBuildFile; fileRef = BDD4543E0A46465899984F3F /* /Users/peterson/source/g2c/g2c/transforms.cpp */; settings = { COMPILER_FLAGS = ""; }; };
CECBAABB220B46D5BBFCB616 /* /Users/peterson/source/g2c/g2c/transforms.h */ = {isa = PBXBuildFile; fileRef = F844CA6B30DE41A2998E080D /* /Users/peterson/source/g2c/g2c/transforms.h */; settings = { COMPILER_FLAGS = ""; }; };
EAE0C404E5AD473DAEABCC50 /* /Users/peterson/source/g2c/g2c/util.cpp */ = {isa = PBXBuildFile; fileRef = FF1A232BD3CD4610A3205AD9 /* /Users/peterson/source/g2c/g2c/util.cpp */; settings = { COMPILER_FLAGS = ""; }; };
DB3A8B6DE42F4EE18240BDE8 /* /Users/peterson/source/g2c/g2c/util.h */ = {isa = PBXBuildFile; fileRef = 4A7903F318EF4AAD90C28FF3 /* /Users/peterson/source/g2c/g2c/util.h */; settings = { COMPILER_FLAGS = ""; }; };
28DC106FDB38476AB2A27F61 /* /Users/peterson/source/g2c/g2c/wave.cpp */ = {isa = PBXBuildFile; fileRef = 485366569B7C4005BD13A7B7 /* /Users/peterson/source/g2c/g2c/wave.cpp */; settings = { COMPILER_FLAGS = ""; }; };
1D3A5234240D4D40BECDC926 /* /Users/peterson/source/g2c/g2c/wave.h */ = {isa = PBXBuildFile; fileRef = 23490A07A421404394903703 /* /Users/peterson/source/g2c/g2c/wave.h */; settings = { COMPILER_FLAGS = ""; }; };
/* End PBXBuildFile section */

/* Begin PBXBuildStyle section */
              0246B3B393804AF8AE3F80B3 /*  */ = {
                     isa = PBXBuildStyle;
              };
              C9C6367F2194465CAA67492E /* Debug */ = {
                     isa = PBXBuildStyle;
                     buildSettings = {
                            COPY_PHASE_STRIP = NO;
                     };
                     name = Debug;
              };
              265B0D78D36343DEA5500E86 /* Release */ = {
                     isa = PBXBuildStyle;
                     buildSettings = {
                            COPY_PHASE_STRIP = NO;
                     };
                     name = Release;
              };
              F3E1B4ED01C64DB398384673 /* MinSizeRel */ = {
                     isa = PBXBuildStyle;
                     buildSettings = {
                            COPY_PHASE_STRIP = NO;
                     };
                     name = MinSizeRel;
              };
              13CBCE5861AF4BC0A14B76D6 /* RelWithDebInfo */ = {
                     isa = PBXBuildStyle;
                     buildSettings = {
                            COPY_PHASE_STRIP = NO;
                     };
                     name = RelWithDebInfo;
              };
/* End PBXBuildStyle section */

/* Begin PBXContainerItemProxy section */
              8B3342FF58054F4E98CEB43B /* PBXContainerItemProxy */ = {
                     isa = PBXContainerItemProxy;
                     containerPortal = 895E8BB501EE4B8AB51AA69F /* Project object */;
                     proxyType = 1;
                     remoteGlobalIDString = 0E1BAB226E384FC196A3948A;
                     remoteInfo = G2C;
              };
              D881504238C949DA973EE17C /* PBXContainerItemProxy */ = {
                     isa = PBXContainerItemProxy;
                     containerPortal = 895E8BB501EE4B8AB51AA69F /* Project object */;
                     proxyType = 1;
                     remoteGlobalIDString = FCD2D543D1D14C948491E7D7;
                     remoteInfo = ZERO_CHECK;
              };
              F84E1C07D085483495F268A3 /* PBXContainerItemProxy */ = {
                     isa = PBXContainerItemProxy;
                     containerPortal = 895E8BB501EE4B8AB51AA69F /* Project object */;
                     proxyType = 1;
                     remoteGlobalIDString = FCD2D543D1D14C948491E7D7;
                     remoteInfo = ZERO_CHECK;
              };
/* End PBXContainerItemProxy section */

/* Begin PBXFileReference section */
EE854BCD99D346A0805FB0DB /* /Users/peterson/source/g2c/g2c/CMakeLists.txt */ = {isa = PBXFileReference; explicitFileType = "sourcecode.text"; fileEncoding = 4; name = "CMakeLists.txt"; path = "CMakeLists.txt"; sourceTree = SOURCE_ROOT; };
6D1D56656A6A495BBEE17A8C /* /Users/peterson/source/g2c/g2c/CMakeLists.txt */ = {isa = PBXFileReference; explicitFileType = "sourcecode.text"; fileEncoding = 4; name = "CMakeLists.txt"; path = "CMakeLists.txt"; sourceTree = SOURCE_ROOT; };
8C4C2B3EEEA74749B3D9C926 /* /Users/peterson/source/g2c/g2c/animations.cpp */ = {isa = PBXFileReference; explicitFileType = "sourcecode.cpp.cpp"; fileEncoding = 4; name = "animations.cpp"; path = "animations.cpp"; sourceTree = SOURCE_ROOT; };
EB2888524B6E45F49E78F343 /* /Users/peterson/source/g2c/g2c/animations.h */ = {isa = PBXFileReference; explicitFileType = "sourcecode.c.h"; fileEncoding = 4; name = "animations.h"; path = "animations.h"; sourceTree = SOURCE_ROOT; };
971AAD4909D64DEBA034E7A9 /* /Users/peterson/source/g2c/g2c/app.cpp */ = {isa = PBXFileReference; explicitFileType = "sourcecode.cpp.cpp"; fileEncoding = 4; name = "app.cpp"; path = "app.cpp"; sourceTree = SOURCE_ROOT; };
507DF43D277F40FDBB861E23 /* /Users/peterson/source/g2c/g2c/app.h */ = {isa = PBXFileReference; explicitFileType = "sourcecode.c.h"; fileEncoding = 4; name = "app.h"; path = "app.h"; sourceTree = SOURCE_ROOT; };
594F367FA9B045BFBB100B57 /* /Users/peterson/source/g2c/g2c/bank.cpp */ = {isa = PBXFileReference; explicitFileType = "sourcecode.cpp.cpp"; fileEncoding = 4; name = "bank.cpp"; path = "bank.cpp"; sourceTree = SOURCE_ROOT; };
556124F166E54B299E4E5ABB /* /Users/peterson/source/g2c/g2c/bank.h */ = {isa = PBXFileReference; explicitFileType = "sourcecode.c.h"; fileEncoding = 4; name = "bank.h"; path = "bank.h"; sourceTree = SOURCE_ROOT; };
DB5EF185F51F43FEBBDED634 /* /Users/peterson/source/g2c/g2c/element.h */ = {isa = PBXFileReference; explicitFileType = "sourcecode.c.h"; fileEncoding = 4; name = "element.h"; path = "element.h"; sourceTree = SOURCE_ROOT; };
8E25D469FC1D4390AE916BA5 /* /Users/peterson/source/g2c/g2c/fattening.cpp */ = {isa = PBXFileReference; explicitFileType = "sourcecode.cpp.cpp"; fileEncoding = 4; name = "fattening.cpp"; path = "fattening.cpp"; sourceTree = SOURCE_ROOT; };
F57A4D264B4E478082D1AEB9 /* /Users/peterson/source/g2c/g2c/fattening.h */ = {isa = PBXFileReference; explicitFileType = "sourcecode.c.h"; fileEncoding = 4; name = "fattening.h"; path = "fattening.h"; sourceTree = SOURCE_ROOT; };
3E60542A037D404F8C5CDFF4 /* /Users/peterson/source/g2c/g2c/graphics.cpp */ = {isa = PBXFileReference; explicitFileType = "sourcecode.cpp.cpp"; fileEncoding = 4; name = "graphics.cpp"; path = "graphics.cpp"; sourceTree = SOURCE_ROOT; };
3574AC83C2CC4BAF8F3EB48F /* /Users/peterson/source/g2c/g2c/graphics.h */ = {isa = PBXFileReference; explicitFileType = "sourcecode.c.h"; fileEncoding = 4; name = "graphics.h"; path = "graphics.h"; sourceTree = SOURCE_ROOT; };
4F1E50B7AEA14754B78BB352 /* /Users/peterson/source/g2c/g2c/lin/lin.h */ = {isa = PBXFileReference; explicitFileType = "sourcecode.c.h"; fileEncoding = 4; name = "lin.h"; path = "lin/lin.h"; sourceTree = SOURCE_ROOT; };
35AC2CEC552B48A6A9D5B57B /* /Users/peterson/source/g2c/g2c/lin/quaternion.h */ = {isa = PBXFileReference; explicitFileType = "sourcecode.c.h"; fileEncoding = 4; name = "quaternion.h"; path = "lin/quaternion.h"; sourceTree = SOURCE_ROOT; };
CDD85A03CB524616A1488763 /* /Users/peterson/source/g2c/g2c/listener.cpp */ = {isa = PBXFileReference; explicitFileType = "sourcecode.cpp.cpp"; fileEncoding = 4; name = "listener.cpp"; path = "listener.cpp"; sourceTree = SOURCE_ROOT; };
3C8E0700EEA340558741431C /* /Users/peterson/source/g2c/g2c/listener.h */ = {isa = PBXFileReference; explicitFileType = "sourcecode.c.h"; fileEncoding = 4; name = "listener.h"; path = "listener.h"; sourceTree = SOURCE_ROOT; };
5F71701748694E819530D94D /* /Users/peterson/source/g2c/g2c/log.h */ = {isa = PBXFileReference; explicitFileType = "sourcecode.c.h"; fileEncoding = 4; name = "log.h"; path = "log.h"; sourceTree = SOURCE_ROOT; };
40A051641E984F5A81ABA740 /* /Users/peterson/source/g2c/g2c/macbank.cpp */ = {isa = PBXFileReference; explicitFileType = "sourcecode.cpp.cpp"; fileEncoding = 4; name = "macbank.cpp"; path = "macbank.cpp"; sourceTree = SOURCE_ROOT; };
4CBDF677F2CB47C8B99EA260 /* /Users/peterson/source/g2c/g2c/macbank.h */ = {isa = PBXFileReference; explicitFileType = "sourcecode.c.h"; fileEncoding = 4; name = "macbank.h"; path = "macbank.h"; sourceTree = SOURCE_ROOT; };
E554D9BD50B3464ABCE736D7 /* /Users/peterson/source/g2c/g2c/openalplayer.cpp */ = {isa = PBXFileReference; explicitFileType = "sourcecode.cpp.cpp"; fileEncoding = 4; name = "openalplayer.cpp"; path = "openalplayer.cpp"; sourceTree = SOURCE_ROOT; };
0C3738E1675D4304B5ED9B02 /* /Users/peterson/source/g2c/g2c/openalplayer.h */ = {isa = PBXFileReference; explicitFileType = "sourcecode.c.h"; fileEncoding = 4; name = "openalplayer.h"; path = "openalplayer.h"; sourceTree = SOURCE_ROOT; };
BBA9DCC867B44A299E6AA13A /* /Users/peterson/source/g2c/g2c/opengl.h */ = {isa = PBXFileReference; explicitFileType = "sourcecode.c.h"; fileEncoding = 4; name = "opengl.h"; path = "opengl.h"; sourceTree = SOURCE_ROOT; };
311BEA0F287B41D9BC65844B /* /Users/peterson/source/g2c/g2c/parse.cpp */ = {isa = PBXFileReference; explicitFileType = "sourcecode.cpp.cpp"; fileEncoding = 4; name = "parse.cpp"; path = "parse.cpp"; sourceTree = SOURCE_ROOT; };
FFC9E55EDA2E4B429C3EE2CB /* /Users/peterson/source/g2c/g2c/parse.h */ = {isa = PBXFileReference; explicitFileType = "sourcecode.c.h"; fileEncoding = 4; name = "parse.h"; path = "parse.h"; sourceTree = SOURCE_ROOT; };
211D49D5D8084A1E91524A47 /* /Users/peterson/source/g2c/g2c/player.cpp */ = {isa = PBXFileReference; explicitFileType = "sourcecode.cpp.cpp"; fileEncoding = 4; name = "player.cpp"; path = "player.cpp"; sourceTree = SOURCE_ROOT; };
FE1E2EB3E51042E7AE76BC59 /* /Users/peterson/source/g2c/g2c/player.h */ = {isa = PBXFileReference; explicitFileType = "sourcecode.c.h"; fileEncoding = 4; name = "player.h"; path = "player.h"; sourceTree = SOURCE_ROOT; };
4835F6F2FBC44A1889F70AF7 /* /Users/peterson/source/g2c/g2c/serializable.cpp */ = {isa = PBXFileReference; explicitFileType = "sourcecode.cpp.cpp"; fileEncoding = 4; name = "serializable.cpp"; path = "serializable.cpp"; sourceTree = SOURCE_ROOT; };
81417506F0644A4698774BB8 /* /Users/peterson/source/g2c/g2c/serializable.h */ = {isa = PBXFileReference; explicitFileType = "sourcecode.c.h"; fileEncoding = 4; name = "serializable.h"; path = "serializable.h"; sourceTree = SOURCE_ROOT; };
07584EE1894D4FCB9FE88C6D /* /Users/peterson/source/g2c/g2c/sound.cpp */ = {isa = PBXFileReference; explicitFileType = "sourcecode.cpp.cpp"; fileEncoding = 4; name = "sound.cpp"; path = "sound.cpp"; sourceTree = SOURCE_ROOT; };
C95152645CAE453E9013F844 /* /Users/peterson/source/g2c/g2c/sound.h */ = {isa = PBXFileReference; explicitFileType = "sourcecode.c.h"; fileEncoding = 4; name = "sound.h"; path = "sound.h"; sourceTree = SOURCE_ROOT; };
C26505C35A744E678D14F89D /* /Users/peterson/source/g2c/g2c/sprites.cpp */ = {isa = PBXFileReference; explicitFileType = "sourcecode.cpp.cpp"; fileEncoding = 4; name = "sprites.cpp"; path = "sprites.cpp"; sourceTree = SOURCE_ROOT; };
0676F0DEC08C45C2AF5EAA1C /* /Users/peterson/source/g2c/g2c/sprites.h */ = {isa = PBXFileReference; explicitFileType = "sourcecode.c.h"; fileEncoding = 4; name = "sprites.h"; path = "sprites.h"; sourceTree = SOURCE_ROOT; };
4826D8C300BC4933A3B68121 /* /Users/peterson/source/g2c/g2c/texture.cpp */ = {isa = PBXFileReference; explicitFileType = "sourcecode.cpp.cpp"; fileEncoding = 4; name = "texture.cpp"; path = "texture.cpp"; sourceTree = SOURCE_ROOT; };
46C708432326497CBF40C26A /* /Users/peterson/source/g2c/g2c/texture.h */ = {isa = PBXFileReference; explicitFileType = "sourcecode.c.h"; fileEncoding = 4; name = "texture.h"; path = "texture.h"; sourceTree = SOURCE_ROOT; };
BDD4543E0A46465899984F3F /* /Users/peterson/source/g2c/g2c/transforms.cpp */ = {isa = PBXFileReference; explicitFileType = "sourcecode.cpp.cpp"; fileEncoding = 4; name = "transforms.cpp"; path = "transforms.cpp"; sourceTree = SOURCE_ROOT; };
F844CA6B30DE41A2998E080D /* /Users/peterson/source/g2c/g2c/transforms.h */ = {isa = PBXFileReference; explicitFileType = "sourcecode.c.h"; fileEncoding = 4; name = "transforms.h"; path = "transforms.h"; sourceTree = SOURCE_ROOT; };
FF1A232BD3CD4610A3205AD9 /* /Users/peterson/source/g2c/g2c/util.cpp */ = {isa = PBXFileReference; explicitFileType = "sourcecode.cpp.cpp"; fileEncoding = 4; name = "util.cpp"; path = "util.cpp"; sourceTree = SOURCE_ROOT; };
4A7903F318EF4AAD90C28FF3 /* /Users/peterson/source/g2c/g2c/util.h */ = {isa = PBXFileReference; explicitFileType = "sourcecode.c.h"; fileEncoding = 4; name = "util.h"; path = "util.h"; sourceTree = SOURCE_ROOT; };
485366569B7C4005BD13A7B7 /* /Users/peterson/source/g2c/g2c/wave.cpp */ = {isa = PBXFileReference; explicitFileType = "sourcecode.cpp.cpp"; fileEncoding = 4; name = "wave.cpp"; path = "wave.cpp"; sourceTree = SOURCE_ROOT; };
23490A07A421404394903703 /* /Users/peterson/source/g2c/g2c/wave.h */ = {isa = PBXFileReference; explicitFileType = "sourcecode.c.h"; fileEncoding = 4; name = "wave.h"; path = "wave.h"; sourceTree = SOURCE_ROOT; };
14B6EFAC66094B4795B68972 /* G2C */ = {isa = PBXFileReference; explicitFileType = "archive.ar"; path = "libG2C.a"; refType = 0; sourceTree = BUILT_PRODUCTS_DIR; };
01564DB7CBB4472E8B8B015D /* /Users/peterson/source/g2c/g2c/CMakeLists.txt */ = {isa = PBXFileReference; explicitFileType = "sourcecode.text"; fileEncoding = 4; name = "CMakeLists.txt"; path = "CMakeLists.txt"; sourceTree = SOURCE_ROOT; };
/* End PBXFileReference section */

/* Begin PBXGroup section */
              96E6479FCD9A4C88B79930DB  = {
                     isa = PBXGroup;
                     children = (
                            6E1D2F16155D471ABE381448 /* Sources */,
                            92C56FA6B1114DB19AF2A3CF /* Resources */,
                            23692058B87A47E1B07FE6ED /* Products */,
                     );
                     sourceTree = "<group>";
              };
              6E1D2F16155D471ABE381448 /* Sources */ = {
                     isa = PBXGroup;
                     children = (
                            71801A7CE66E4226A4CD410E /* ALL_BUILD */,
                            7238F1F1CD984AA4A8132987 /* G2C */,
                            599B177FEC2E4A3699EC94BA /* ZERO_CHECK */,
                     );
                     name = Sources;
                     sourceTree = "<group>";
              };
              92C56FA6B1114DB19AF2A3CF /* Resources */ = {
                     isa = PBXGroup;
                     children = (
                     );
                     name = Resources;
                     sourceTree = "<group>";
              };
              71801A7CE66E4226A4CD410E /* ALL_BUILD */ = {
                     isa = PBXGroup;
                     children = (
                            0755FD289B8A42B2933FB765 /* CMake Rules */,
                            EE854BCD99D346A0805FB0DB /* /Users/peterson/source/g2c/g2c/CMakeLists.txt */,
                     );
                     name = ALL_BUILD;
                     sourceTree = "<group>";
              };
              0755FD289B8A42B2933FB765 /* CMake Rules */ = {
                     isa = PBXGroup;
                     children = (
                     );
                     name = "CMake Rules";
                     sourceTree = "<group>";
              };
              7238F1F1CD984AA4A8132987 /* G2C */ = {
                     isa = PBXGroup;
                     children = (
                            64271ABA40DB46248A523195 /* g2c */,
                            6D1D56656A6A495BBEE17A8C /* /Users/peterson/source/g2c/g2c/CMakeLists.txt */,
                     );
                     name = G2C;
                     sourceTree = "<group>";
              };
              64271ABA40DB46248A523195 /* g2c */ = {
                     isa = PBXGroup;
                     children = (
                            8C4C2B3EEEA74749B3D9C926 /* /Users/peterson/source/g2c/g2c/animations.cpp */,
                            EB2888524B6E45F49E78F343 /* /Users/peterson/source/g2c/g2c/animations.h */,
                            971AAD4909D64DEBA034E7A9 /* /Users/peterson/source/g2c/g2c/app.cpp */,
                            507DF43D277F40FDBB861E23 /* /Users/peterson/source/g2c/g2c/app.h */,
                            594F367FA9B045BFBB100B57 /* /Users/peterson/source/g2c/g2c/bank.cpp */,
                            556124F166E54B299E4E5ABB /* /Users/peterson/source/g2c/g2c/bank.h */,
                            DB5EF185F51F43FEBBDED634 /* /Users/peterson/source/g2c/g2c/element.h */,
                            8E25D469FC1D4390AE916BA5 /* /Users/peterson/source/g2c/g2c/fattening.cpp */,
                            F57A4D264B4E478082D1AEB9 /* /Users/peterson/source/g2c/g2c/fattening.h */,
                            3E60542A037D404F8C5CDFF4 /* /Users/peterson/source/g2c/g2c/graphics.cpp */,
                            3574AC83C2CC4BAF8F3EB48F /* /Users/peterson/source/g2c/g2c/graphics.h */,
                            4F1E50B7AEA14754B78BB352 /* /Users/peterson/source/g2c/g2c/lin/lin.h */,
                            35AC2CEC552B48A6A9D5B57B /* /Users/peterson/source/g2c/g2c/lin/quaternion.h */,
                            CDD85A03CB524616A1488763 /* /Users/peterson/source/g2c/g2c/listener.cpp */,
                            3C8E0700EEA340558741431C /* /Users/peterson/source/g2c/g2c/listener.h */,
                            5F71701748694E819530D94D /* /Users/peterson/source/g2c/g2c/log.h */,
                            40A051641E984F5A81ABA740 /* /Users/peterson/source/g2c/g2c/macbank.cpp */,
                            4CBDF677F2CB47C8B99EA260 /* /Users/peterson/source/g2c/g2c/macbank.h */,
                            E554D9BD50B3464ABCE736D7 /* /Users/peterson/source/g2c/g2c/openalplayer.cpp */,
                            0C3738E1675D4304B5ED9B02 /* /Users/peterson/source/g2c/g2c/openalplayer.h */,
                            BBA9DCC867B44A299E6AA13A /* /Users/peterson/source/g2c/g2c/opengl.h */,
                            311BEA0F287B41D9BC65844B /* /Users/peterson/source/g2c/g2c/parse.cpp */,
                            FFC9E55EDA2E4B429C3EE2CB /* /Users/peterson/source/g2c/g2c/parse.h */,
                            211D49D5D8084A1E91524A47 /* /Users/peterson/source/g2c/g2c/player.cpp */,
                            FE1E2EB3E51042E7AE76BC59 /* /Users/peterson/source/g2c/g2c/player.h */,
                            4835F6F2FBC44A1889F70AF7 /* /Users/peterson/source/g2c/g2c/serializable.cpp */,
                            81417506F0644A4698774BB8 /* /Users/peterson/source/g2c/g2c/serializable.h */,
                            07584EE1894D4FCB9FE88C6D /* /Users/peterson/source/g2c/g2c/sound.cpp */,
                            C95152645CAE453E9013F844 /* /Users/peterson/source/g2c/g2c/sound.h */,
                            C26505C35A744E678D14F89D /* /Users/peterson/source/g2c/g2c/sprites.cpp */,
                            0676F0DEC08C45C2AF5EAA1C /* /Users/peterson/source/g2c/g2c/sprites.h */,
                            4826D8C300BC4933A3B68121 /* /Users/peterson/source/g2c/g2c/texture.cpp */,
                            46C708432326497CBF40C26A /* /Users/peterson/source/g2c/g2c/texture.h */,
                            BDD4543E0A46465899984F3F /* /Users/peterson/source/g2c/g2c/transforms.cpp */,
                            F844CA6B30DE41A2998E080D /* /Users/peterson/source/g2c/g2c/transforms.h */,
                            FF1A232BD3CD4610A3205AD9 /* /Users/peterson/source/g2c/g2c/util.cpp */,
                            4A7903F318EF4AAD90C28FF3 /* /Users/peterson/source/g2c/g2c/util.h */,
                            485366569B7C4005BD13A7B7 /* /Users/peterson/source/g2c/g2c/wave.cpp */,
                            23490A07A421404394903703 /* /Users/peterson/source/g2c/g2c/wave.h */,
                     );
                     name = g2c;
                     sourceTree = "<group>";
              };
              599B177FEC2E4A3699EC94BA /* ZERO_CHECK */ = {
                     isa = PBXGroup;
                     children = (
                            729D45B5255341868AE52191 /* CMake Rules */,
                            01564DB7CBB4472E8B8B015D /* /Users/peterson/source/g2c/g2c/CMakeLists.txt */,
                     );
                     name = ZERO_CHECK;
                     sourceTree = "<group>";
              };
              729D45B5255341868AE52191 /* CMake Rules */ = {
                     isa = PBXGroup;
                     children = (
                     );
                     name = "CMake Rules";
                     sourceTree = "<group>";
              };
              23692058B87A47E1B07FE6ED /* Products */ = {
                     isa = PBXGroup;
                     children = (
                            14B6EFAC66094B4795B68972 /* G2C */,
                     );
                     name = Products;
                     sourceTree = "<group>";
              };
/* End PBXGroup section */

/* Begin PBXNativeTarget section */
              0E1BAB226E384FC196A3948A /* G2C */ = {
                     isa = PBXNativeTarget;
                     buildConfigurationList = D64A5822DCA4407A8E23A331 /* Build configuration list for PBXNativeTarget "G2C" */;
                     buildPhases = (
                            4649461756BF4466B8C329C4 /* Sources */,
                     );
                     buildRules = (
                     );
                     dependencies = (
                            AA9233A6EA9140E399883207 /* PBXTargetDependency */,
                     );
                     name = G2C;
                     productName = G2C;
                     productReference = 14B6EFAC66094B4795B68972 /* G2C */;
                     productType = "com.apple.product-type.library.static";
              };
/* End PBXNativeTarget section */

/* Begin PBXProject section */
              895E8BB501EE4B8AB51AA69F /* Project object */ = {
                     isa = PBXProject;
                     attributes = {
                            BuildIndependentTargetsInParallel = YES;
                     };
                     buildConfigurationList = AFC14E11A4DA4710980614EC /* Build configuration list for PBXProject  "Project" */;
                     buildSettings = {
                     };
                     buildStyles = (
                            C9C6367F2194465CAA67492E /* Debug */,
                            265B0D78D36343DEA5500E86 /* Release */,
                            F3E1B4ED01C64DB398384673 /* MinSizeRel */,
                            13CBCE5861AF4BC0A14B76D6 /* RelWithDebInfo */,
                     );
                     compatibilityVersion = "Xcode 3.2";
                     hasScannedForEncodings = 0;
                     mainGroup = 96E6479FCD9A4C88B79930DB;
                     projectDirPath = ".";
                     projectRoot = "";
                     targets = (
                            CC007F911DCD46D0B8BC6144 /* ALL_BUILD */,
                            0E1BAB226E384FC196A3948A /* G2C */,
                            FCD2D543D1D14C948491E7D7 /* ZERO_CHECK */,
                     );
              };
/* End PBXProject section */

/* Begin PBXShellScriptBuildPhase section */
              92689E6D2DA74741A5F54B83 /*  */ = {
                     isa = PBXShellScriptBuildPhase;
                     buildActionMask = 2147483647;
                     files = (
                     );
                     inputPaths = (
                     );
                     outputPaths = (
                     );
                     runOnlyForDeploymentPostprocessing = 0;
                     shellPath = /bin/sh;
                     shellScript = "# shell script goes here
exit 0";
                     showEnvVarsInLog = 0;
              };
              765A78769ABD446DBD3E65B7 /* CMake Rules */ = {
                     isa = PBXShellScriptBuildPhase;
                     buildActionMask = 2147483647;
                     files = (
                     );
                     name = "CMake Rules";
                     runOnlyForDeploymentPostprocessing = 0;
                     shellPath = /bin/sh;
                     shellScript = "make -C /Users/peterson/source/g2c/g2c -f /Users/peterson/source/g2c/g2c/CMakeScripts/ALL_BUILD_cmakeRulesBuildPhase.make$CONFIGURATION all";
                     showEnvVarsInLog = 0;
              };
              E77BC4F1A0FB4A9D9AFC24F9 /*  */ = {
                     isa = PBXShellScriptBuildPhase;
                     buildActionMask = 2147483647;
                     files = (
                     );
                     inputPaths = (
                     );
                     outputPaths = (
                     );
                     runOnlyForDeploymentPostprocessing = 0;
                     shellPath = /bin/sh;
                     shellScript = "# shell script goes here
exit 0";
                     showEnvVarsInLog = 0;
              };
              8C11C4067CC949EB9080C2C6 /* CMake Rules */ = {
                     isa = PBXShellScriptBuildPhase;
                     buildActionMask = 2147483647;
                     files = (
                     );
                     name = "CMake Rules";
                     runOnlyForDeploymentPostprocessing = 0;
                     shellPath = /bin/sh;
                     shellScript = "make -C /Users/peterson/source/g2c/g2c -f /Users/peterson/source/g2c/g2c/CMakeScripts/ZERO_CHECK_cmakeRulesBuildPhase.make$CONFIGURATION all";
                     showEnvVarsInLog = 0;
              };
/* End PBXShellScriptBuildPhase section */

/* Begin PBXSourcesBuildPhase section */
              4649461756BF4466B8C329C4 /* Sources */ = {
                     isa = PBXSourcesBuildPhase;
                     buildActionMask = 2147483647;
                     files = (
                            82FCA544E9884712BB0DC313 /* /Users/peterson/source/g2c/g2c/animations.cpp */,
                            2D22608E25D4403FB3950D07 /* /Users/peterson/source/g2c/g2c/app.cpp */,
                            50531ACFAD9F4E02B4397DB2 /* /Users/peterson/source/g2c/g2c/bank.cpp */,
                            B390BCB0C6AA4C149F6511F6 /* /Users/peterson/source/g2c/g2c/fattening.cpp */,
                            680498BE7BDD4AE2A3895191 /* /Users/peterson/source/g2c/g2c/graphics.cpp */,
                            21824F464B3D4D41A31BEAE3 /* /Users/peterson/source/g2c/g2c/listener.cpp */,
                            5A2C0123134345BD8386D62A /* /Users/peterson/source/g2c/g2c/macbank.cpp */,
                            EEC50949AD1248C2B5A1BCA0 /* /Users/peterson/source/g2c/g2c/openalplayer.cpp */,
                            022094602ADD4D529219B08A /* /Users/peterson/source/g2c/g2c/parse.cpp */,
                            A8D7BC8D21FF49B28E7D24D7 /* /Users/peterson/source/g2c/g2c/player.cpp */,
                            13726EEC8BB54BF1BE0CEBF2 /* /Users/peterson/source/g2c/g2c/serializable.cpp */,
                            49AA76B037BA4B32BA1A706A /* /Users/peterson/source/g2c/g2c/sound.cpp */,
                            F2B0B81C043E4A9385673B06 /* /Users/peterson/source/g2c/g2c/sprites.cpp */,
                            37EBBF588EDD4F818533D20E /* /Users/peterson/source/g2c/g2c/texture.cpp */,
                            3438F73FED4247D9893E5B0F /* /Users/peterson/source/g2c/g2c/transforms.cpp */,
                            EAE0C404E5AD473DAEABCC50 /* /Users/peterson/source/g2c/g2c/util.cpp */,
                            28DC106FDB38476AB2A27F61 /* /Users/peterson/source/g2c/g2c/wave.cpp */,
                     );
                     runOnlyForDeploymentPostprocessing = 0;
              };
/* End PBXSourcesBuildPhase section */

/* Begin PBXTargetDependency section */
              22BBE84188D04C6286946BBD /* PBXTargetDependency */ = {
                     isa = PBXTargetDependency;
                     target = 0E1BAB226E384FC196A3948A /* G2C */;
                     targetProxy = 8B3342FF58054F4E98CEB43B /* PBXContainerItemProxy */;
              };
              659BC211226942EC8C6FBD06 /* PBXTargetDependency */ = {
                     isa = PBXTargetDependency;
                     target = FCD2D543D1D14C948491E7D7 /* ZERO_CHECK */;
                     targetProxy = D881504238C949DA973EE17C /* PBXContainerItemProxy */;
              };
              AA9233A6EA9140E399883207 /* PBXTargetDependency */ = {
                     isa = PBXTargetDependency;
                     target = FCD2D543D1D14C948491E7D7 /* ZERO_CHECK */;
                     targetProxy = F84E1C07D085483495F268A3 /* PBXContainerItemProxy */;
              };
/* End PBXTargetDependency section */

/* Begin XCBuildConfiguration section */
              433FD98F322B4536ADCD49AB /* Debug */ = {
                     isa = XCBuildConfiguration;
                     buildSettings = {
                            ARCHS = "$(ARCHS_STANDARD_32_64_BIT)";
                            ONLY_ACTIVE_ARCH = YES;
                            SDKROOT = iphoneos;
                            SYMROOT = /Users/peterson/source/g2c/g2c/build;
                     };
                     name = Debug;
              };
              B8E88F44F3ED40899A6E66C3 /* Release */ = {
                     isa = XCBuildConfiguration;
                     buildSettings = {
                            ARCHS = "$(ARCHS_STANDARD_32_64_BIT)";
                            ONLY_ACTIVE_ARCH = YES;
                            SDKROOT = iphoneos;
                            SYMROOT = /Users/peterson/source/g2c/g2c/build;
                     };
                     name = Release;
              };
              D6AD3EECB5184F4EB379BB53 /* MinSizeRel */ = {
                     isa = XCBuildConfiguration;
                     buildSettings = {
                            ARCHS = "$(ARCHS_STANDARD_32_64_BIT)";
                            ONLY_ACTIVE_ARCH = YES;
                            SDKROOT = iphoneos;
                            SYMROOT = /Users/peterson/source/g2c/g2c/build;
                     };
                     name = MinSizeRel;
              };
              6C38BC3DD5DA4F41A5B01947 /* RelWithDebInfo */ = {
                     isa = XCBuildConfiguration;
                     buildSettings = {
                            ARCHS = "$(ARCHS_STANDARD_32_64_BIT)";
                            ONLY_ACTIVE_ARCH = YES;
                            SDKROOT = iphoneos;
                            SYMROOT = /Users/peterson/source/g2c/g2c/build;
                     };
                     name = RelWithDebInfo;
              };
              7DBA51B480DB4C67AF27DCF9 /* Debug */ = {
                     isa = XCBuildConfiguration;
                     buildSettings = {
                            COMBINE_HIDPI_IMAGES = YES;
                            GCC_GENERATE_DEBUGGING_SYMBOLS = NO;
                            GCC_INLINES_ARE_PRIVATE_EXTERN = NO;
                            GCC_OPTIMIZATION_LEVEL = 0;
                            GCC_PREPROCESSOR_DEFINITIONS = ("'CMAKE_INTDIR=\"$(CONFIGURATION)$(EFFECTIVE_PLATFORM_NAME)\"'", );
                            GCC_SYMBOLS_PRIVATE_EXTERN = NO;
                            INSTALL_PATH = "";
                            OTHER_CFLAGS = "  ";
                            OTHER_LDFLAGS = " ";
                            OTHER_REZFLAGS = "";
                            PRODUCT_NAME = ALL_BUILD;
                            SECTORDER_FLAGS = "";
                            SYMROOT = /Users/peterson/source/g2c/g2c;
                            USE_HEADERMAP = NO;
                            WARNING_CFLAGS = ("-Wmost", "-Wno-four-char-constants", "-Wno-unknown-pragmas", );
                     };
                     name = Debug;
              };
              AF1583F50D13471697610098 /* Release */ = {
                     isa = XCBuildConfiguration;
                     buildSettings = {
                            COMBINE_HIDPI_IMAGES = YES;
                            GCC_GENERATE_DEBUGGING_SYMBOLS = NO;
                            GCC_INLINES_ARE_PRIVATE_EXTERN = NO;
                            GCC_OPTIMIZATION_LEVEL = 0;
                            GCC_PREPROCESSOR_DEFINITIONS = ("'CMAKE_INTDIR=\"$(CONFIGURATION)$(EFFECTIVE_PLATFORM_NAME)\"'", );
                            GCC_SYMBOLS_PRIVATE_EXTERN = NO;
                            INSTALL_PATH = "";
                            OTHER_CFLAGS = "  ";
                            OTHER_LDFLAGS = " ";
                            OTHER_REZFLAGS = "";
                            PRODUCT_NAME = ALL_BUILD;
                            SECTORDER_FLAGS = "";
                            SYMROOT = /Users/peterson/source/g2c/g2c;
                            USE_HEADERMAP = NO;
                            WARNING_CFLAGS = ("-Wmost", "-Wno-four-char-constants", "-Wno-unknown-pragmas", );
                     };
                     name = Release;
              };
              391860189D214A37BAA89F17 /* MinSizeRel */ = {
                     isa = XCBuildConfiguration;
                     buildSettings = {
                            COMBINE_HIDPI_IMAGES = YES;
                            GCC_GENERATE_DEBUGGING_SYMBOLS = NO;
                            GCC_INLINES_ARE_PRIVATE_EXTERN = NO;
                            GCC_OPTIMIZATION_LEVEL = 0;
                            GCC_PREPROCESSOR_DEFINITIONS = ("'CMAKE_INTDIR=\"$(CONFIGURATION)$(EFFECTIVE_PLATFORM_NAME)\"'", );
                            GCC_SYMBOLS_PRIVATE_EXTERN = NO;
                            INSTALL_PATH = "";
                            OTHER_CFLAGS = "  ";
                            OTHER_LDFLAGS = " ";
                            OTHER_REZFLAGS = "";
                            PRODUCT_NAME = ALL_BUILD;
                            SECTORDER_FLAGS = "";
                            SYMROOT = /Users/peterson/source/g2c/g2c;
                            USE_HEADERMAP = NO;
                            WARNING_CFLAGS = ("-Wmost", "-Wno-four-char-constants", "-Wno-unknown-pragmas", );
                     };
                     name = MinSizeRel;
              };
              403AB915390440DC867E1492 /* RelWithDebInfo */ = {
                     isa = XCBuildConfiguration;
                     buildSettings = {
                            COMBINE_HIDPI_IMAGES = YES;
                            GCC_GENERATE_DEBUGGING_SYMBOLS = NO;
                            GCC_INLINES_ARE_PRIVATE_EXTERN = NO;
                            GCC_OPTIMIZATION_LEVEL = 0;
                            GCC_PREPROCESSOR_DEFINITIONS = ("'CMAKE_INTDIR=\"$(CONFIGURATION)$(EFFECTIVE_PLATFORM_NAME)\"'", );
                            GCC_SYMBOLS_PRIVATE_EXTERN = NO;
                            INSTALL_PATH = "";
                            OTHER_CFLAGS = "  ";
                            OTHER_LDFLAGS = " ";
                            OTHER_REZFLAGS = "";
                            PRODUCT_NAME = ALL_BUILD;
                            SECTORDER_FLAGS = "";
                            SYMROOT = /Users/peterson/source/g2c/g2c;
                            USE_HEADERMAP = NO;
                            WARNING_CFLAGS = ("-Wmost", "-Wno-four-char-constants", "-Wno-unknown-pragmas", );
                     };
                     name = RelWithDebInfo;
              };
              C83D0D3E46C2442AB6F28DD4 /* Debug */ = {
                     isa = XCBuildConfiguration;
                     buildSettings = {
                            COMBINE_HIDPI_IMAGES = YES;
                            EXECUTABLE_PREFIX = lib;
                            EXECUTABLE_SUFFIX = ".a";
                            GCC_GENERATE_DEBUGGING_SYMBOLS = YES;
                            GCC_INLINES_ARE_PRIVATE_EXTERN = NO;
                            GCC_OPTIMIZATION_LEVEL = 0;
                            GCC_PREPROCESSOR_DEFINITIONS = ("'CMAKE_INTDIR=\"$(CONFIGURATION)$(EFFECTIVE_PLATFORM_NAME)\"'", );
                            GCC_SYMBOLS_PRIVATE_EXTERN = NO;
                            INSTALL_PATH = "";
                            IOS = 1;
                            LIBRARY_STYLE = STATIC;
                            OTHER_CFLAGS = "    ";
                            OTHER_CPLUSPLUSFLAGS = "    ";
                            OTHER_LDFLAGS = " ";
                            OTHER_REZFLAGS = "";
                            PRODUCT_NAME = G2C;
                            SECTORDER_FLAGS = "";
                            SYMROOT = /Users/peterson/source/g2c/g2c;
                            USE_HEADERMAP = NO;
                            WARNING_CFLAGS = ("-Wmost", "-Wno-four-char-constants", "-Wno-unknown-pragmas", );
                     };
                     name = Debug;
              };
              1AE1D3E53A9348E39E96A543 /* Release */ = {
                     isa = XCBuildConfiguration;
                     buildSettings = {
                            COMBINE_HIDPI_IMAGES = YES;
                            EXECUTABLE_PREFIX = lib;
                            EXECUTABLE_SUFFIX = ".a";
                            GCC_GENERATE_DEBUGGING_SYMBOLS = NO;
                            GCC_INLINES_ARE_PRIVATE_EXTERN = NO;
                            GCC_OPTIMIZATION_LEVEL = 3;
                            GCC_PREPROCESSOR_DEFINITIONS = ("'CMAKE_INTDIR=\"$(CONFIGURATION)$(EFFECTIVE_PLATFORM_NAME)\"'", );
                            GCC_SYMBOLS_PRIVATE_EXTERN = NO;
                            INSTALL_PATH = "";
                            IOS = 1;
                            LIBRARY_STYLE = STATIC;
                            OTHER_CFLAGS = "    -DNDEBUG  ";
                            OTHER_CPLUSPLUSFLAGS = "    -DNDEBUG  ";
                            OTHER_LDFLAGS = " ";
                            OTHER_REZFLAGS = "";
                            PRODUCT_NAME = G2C;
                            SECTORDER_FLAGS = "";
                            SYMROOT = /Users/peterson/source/g2c/g2c;
                            USE_HEADERMAP = NO;
                            WARNING_CFLAGS = ("-Wmost", "-Wno-four-char-constants", "-Wno-unknown-pragmas", );
                     };
                     name = Release;
              };
              799DB13F61F34FD3BB7EF2A1 /* MinSizeRel */ = {
                     isa = XCBuildConfiguration;
                     buildSettings = {
                            COMBINE_HIDPI_IMAGES = YES;
                            EXECUTABLE_PREFIX = lib;
                            EXECUTABLE_SUFFIX = ".a";
                            GCC_GENERATE_DEBUGGING_SYMBOLS = NO;
                            GCC_INLINES_ARE_PRIVATE_EXTERN = NO;
                            GCC_OPTIMIZATION_LEVEL = s;
                            GCC_PREPROCESSOR_DEFINITIONS = ("'CMAKE_INTDIR=\"$(CONFIGURATION)$(EFFECTIVE_PLATFORM_NAME)\"'", );
                            GCC_SYMBOLS_PRIVATE_EXTERN = NO;
                            INSTALL_PATH = "";
                            IOS = 1;
                            LIBRARY_STYLE = STATIC;
                            OTHER_CFLAGS = "    -DNDEBUG  ";
                            OTHER_CPLUSPLUSFLAGS = "    -DNDEBUG  ";
                            OTHER_LDFLAGS = " ";
                            OTHER_REZFLAGS = "";
                            PRODUCT_NAME = G2C;
                            SECTORDER_FLAGS = "";
                            SYMROOT = /Users/peterson/source/g2c/g2c;
                            USE_HEADERMAP = NO;
                            WARNING_CFLAGS = ("-Wmost", "-Wno-four-char-constants", "-Wno-unknown-pragmas", );
                     };
                     name = MinSizeRel;
              };
              F202675D526648A8AF4FB894 /* RelWithDebInfo */ = {
                     isa = XCBuildConfiguration;
                     buildSettings = {
                            COMBINE_HIDPI_IMAGES = YES;
                            EXECUTABLE_PREFIX = lib;
                            EXECUTABLE_SUFFIX = ".a";
                            GCC_GENERATE_DEBUGGING_SYMBOLS = YES;
                            GCC_INLINES_ARE_PRIVATE_EXTERN = NO;
                            GCC_OPTIMIZATION_LEVEL = 2;
                            GCC_PREPROCESSOR_DEFINITIONS = ("'CMAKE_INTDIR=\"$(CONFIGURATION)$(EFFECTIVE_PLATFORM_NAME)\"'", );
                            GCC_SYMBOLS_PRIVATE_EXTERN = NO;
                            INSTALL_PATH = "";
                            IOS = 1;
                            LIBRARY_STYLE = STATIC;
                            OTHER_CFLAGS = "       -DNDEBUG  ";
                            OTHER_CPLUSPLUSFLAGS = "       -DNDEBUG  ";
                            OTHER_LDFLAGS = " ";
                            OTHER_REZFLAGS = "";
                            PRODUCT_NAME = G2C;
                            SECTORDER_FLAGS = "";
                            SYMROOT = /Users/peterson/source/g2c/g2c;
                            USE_HEADERMAP = NO;
                            WARNING_CFLAGS = ("-Wmost", "-Wno-four-char-constants", "-Wno-unknown-pragmas", );
                     };
                     name = RelWithDebInfo;
              };
              D2C8EABEB8E949F2848E847F /* Debug */ = {
                     isa = XCBuildConfiguration;
                     buildSettings = {
                            COMBINE_HIDPI_IMAGES = YES;
                            GCC_GENERATE_DEBUGGING_SYMBOLS = NO;
                            GCC_INLINES_ARE_PRIVATE_EXTERN = NO;
                            GCC_OPTIMIZATION_LEVEL = 0;
                            GCC_PREPROCESSOR_DEFINITIONS = ("'CMAKE_INTDIR=\"$(CONFIGURATION)$(EFFECTIVE_PLATFORM_NAME)\"'", );
                            GCC_SYMBOLS_PRIVATE_EXTERN = NO;
                            INSTALL_PATH = "";
                            OTHER_CFLAGS = "  ";
                            OTHER_LDFLAGS = " ";
                            OTHER_REZFLAGS = "";
                            PRODUCT_NAME = ZERO_CHECK;
                            SECTORDER_FLAGS = "";
                            SYMROOT = /Users/peterson/source/g2c/g2c;
                            USE_HEADERMAP = NO;
                            WARNING_CFLAGS = ("-Wmost", "-Wno-four-char-constants", "-Wno-unknown-pragmas", );
                     };
                     name = Debug;
              };
              280351C519F7488E82352884 /* Release */ = {
                     isa = XCBuildConfiguration;
                     buildSettings = {
                            COMBINE_HIDPI_IMAGES = YES;
                            GCC_GENERATE_DEBUGGING_SYMBOLS = NO;
                            GCC_INLINES_ARE_PRIVATE_EXTERN = NO;
                            GCC_OPTIMIZATION_LEVEL = 0;
                            GCC_PREPROCESSOR_DEFINITIONS = ("'CMAKE_INTDIR=\"$(CONFIGURATION)$(EFFECTIVE_PLATFORM_NAME)\"'", );
                            GCC_SYMBOLS_PRIVATE_EXTERN = NO;
                            INSTALL_PATH = "";
                            OTHER_CFLAGS = "  ";
                            OTHER_LDFLAGS = " ";
                            OTHER_REZFLAGS = "";
                            PRODUCT_NAME = ZERO_CHECK;
                            SECTORDER_FLAGS = "";
                            SYMROOT = /Users/peterson/source/g2c/g2c;
                            USE_HEADERMAP = NO;
                            WARNING_CFLAGS = ("-Wmost", "-Wno-four-char-constants", "-Wno-unknown-pragmas", );
                     };
                     name = Release;
              };
              15BC8E9E901B4D49882361EA /* MinSizeRel */ = {
                     isa = XCBuildConfiguration;
                     buildSettings = {
                            COMBINE_HIDPI_IMAGES = YES;
                            GCC_GENERATE_DEBUGGING_SYMBOLS = NO;
                            GCC_INLINES_ARE_PRIVATE_EXTERN = NO;
                            GCC_OPTIMIZATION_LEVEL = 0;
                            GCC_PREPROCESSOR_DEFINITIONS = ("'CMAKE_INTDIR=\"$(CONFIGURATION)$(EFFECTIVE_PLATFORM_NAME)\"'", );
                            GCC_SYMBOLS_PRIVATE_EXTERN = NO;
                            INSTALL_PATH = "";
                            OTHER_CFLAGS = "  ";
                            OTHER_LDFLAGS = " ";
                            OTHER_REZFLAGS = "";
                            PRODUCT_NAME = ZERO_CHECK;
                            SECTORDER_FLAGS = "";
                            SYMROOT = /Users/peterson/source/g2c/g2c;
                            USE_HEADERMAP = NO;
                            WARNING_CFLAGS = ("-Wmost", "-Wno-four-char-constants", "-Wno-unknown-pragmas", );
                     };
                     name = MinSizeRel;
              };
              28DAD4ED85F6467DB565EDB7 /* RelWithDebInfo */ = {
                     isa = XCBuildConfiguration;
                     buildSettings = {
                            COMBINE_HIDPI_IMAGES = YES;
                            GCC_GENERATE_DEBUGGING_SYMBOLS = NO;
                            GCC_INLINES_ARE_PRIVATE_EXTERN = NO;
                            GCC_OPTIMIZATION_LEVEL = 0;
                            GCC_PREPROCESSOR_DEFINITIONS = ("'CMAKE_INTDIR=\"$(CONFIGURATION)$(EFFECTIVE_PLATFORM_NAME)\"'", );
                            GCC_SYMBOLS_PRIVATE_EXTERN = NO;
                            INSTALL_PATH = "";
                            OTHER_CFLAGS = "  ";
                            OTHER_LDFLAGS = " ";
                            OTHER_REZFLAGS = "";
                            PRODUCT_NAME = ZERO_CHECK;
                            SECTORDER_FLAGS = "";
                            SYMROOT = /Users/peterson/source/g2c/g2c;
                            USE_HEADERMAP = NO;
                            WARNING_CFLAGS = ("-Wmost", "-Wno-four-char-constants", "-Wno-unknown-pragmas", );
                     };
                     name = RelWithDebInfo;
              };
/* End XCBuildConfiguration section */

/* Begin XCConfigurationList section */
              AFC14E11A4DA4710980614EC /* Build configuration list for PBXProject  "Project" */ = {
                     isa = XCConfigurationList;
                     buildConfigurations = (
                            433FD98F322B4536ADCD49AB /* Debug */,
                            B8E88F44F3ED40899A6E66C3 /* Release */,
                            D6AD3EECB5184F4EB379BB53 /* MinSizeRel */,
                            6C38BC3DD5DA4F41A5B01947 /* RelWithDebInfo */,
                     );
                     defaultConfigurationIsVisible = 0;
                     defaultConfigurationName = Debug;
              };
              F2E5974ED687446F8BD37F36 /* Build configuration list for PBXAggregateTarget "ALL_BUILD" */ = {
                     isa = XCConfigurationList;
                     buildConfigurations = (
                            7DBA51B480DB4C67AF27DCF9 /* Debug */,
                            AF1583F50D13471697610098 /* Release */,
                            391860189D214A37BAA89F17 /* MinSizeRel */,
                            403AB915390440DC867E1492 /* RelWithDebInfo */,
                     );
                     defaultConfigurationIsVisible = 0;
                     defaultConfigurationName = Debug;
              };
              D64A5822DCA4407A8E23A331 /* Build configuration list for PBXNativeTarget "G2C" */ = {
                     isa = XCConfigurationList;
                     buildConfigurations = (
                            C83D0D3E46C2442AB6F28DD4 /* Debug */,
                            1AE1D3E53A9348E39E96A543 /* Release */,
                            799DB13F61F34FD3BB7EF2A1 /* MinSizeRel */,
                            F202675D526648A8AF4FB894 /* RelWithDebInfo */,
                     );
                     defaultConfigurationIsVisible = 0;
                     defaultConfigurationName = Debug;
              };
              0417D49C2C12486599C59D96 /* Build configuration list for PBXAggregateTarget "ZERO_CHECK" */ = {
                     isa = XCConfigurationList;
                     buildConfigurations = (
                            D2C8EABEB8E949F2848E847F /* Debug */,
                            280351C519F7488E82352884 /* Release */,
                            15BC8E9E901B4D49882361EA /* MinSizeRel */,
                            28DAD4ED85F6467DB565EDB7 /* RelWithDebInfo */,
                     );
                     defaultConfigurationIsVisible = 0;
                     defaultConfigurationName = Debug;
              };
/* End XCConfigurationList section */
       };
       rootObject = 895E8BB501EE4B8AB51AA69F;
}
